
Microsoft Visual Studio Solution File, Format Version 12.00
# Visual Studio Version 16
VisualStudioVersion = 16.0.31402.337
MinimumVisualStudioVersion = 10.0.40219.1
Project("{FAE04EC0-301F-11D3-BF4B-00C04F79EFBC}") = "tesdst", "tesdst\tesdst.csproj", "{C613BB02-0DBA-4D16-AEEC-7436C3009024}"
EndProject
Global
	GlobalSection(SolutionConfigurationPlatforms) = preSolution
		Debug|Any CPU = Debug|Any CPU
		Release|Any CPU = Release|Any CPU
	EndGlobalSection
	GlobalSection(ProjectConfigurationPlatforms) = postSolution
		{C613BB02-0DBA-4D16-AEEC-7436C3009024}.Debug|Any CPU.ActiveCfg = Debug|Any CPU
		{C613BB02-0DBA-4D16-AEEC-7436C3009024}.Debug|Any CPU.Build.0 = Debug|Any CPU
		{C613BB02-0DBA-4D16-AEEC-7436C3009024}.Release|Any CPU.ActiveCfg = Release|Any CPU
		{C613BB02-0DBA-4D16-AEEC-7436C3009024}.Release|Any CPU.Build.0 = Release|Any CPU
	EndGlobalSection
	GlobalSection(SolutionProperties) = preSolution
		HideSolutionNode = FALSE
	EndGlobalSection
	GlobalSection(ExtensibilityGlobals) = postSolution
		SolutionGuid = {5C73483A-3849-498A-B873-2C476A61A0B8}
	EndGlobalSection
EndGlobal
